// !$*UTF8*$!
{
	archiveVersion = 1;
	classes = {
	};
	objectVersion = 50;
	objects = {

/* Begin PBXBuildFile section */
		24371F54244AF5E700A86E00 /* SettingTableViewController.swift in Sources */ = {isa = PBXBuildFile; fileRef = 24371F53244AF5E700A86E00 /* SettingTableViewController.swift */; };
		246187A0245AFA1A005D44B1 /* Task.swift in Sources */ = {isa = PBXBuildFile; fileRef = 2461879F245AFA1A005D44B1 /* Task.swift */; };
		246187A2245AFA78005D44B1 /* UserDefaults+extension.swift in Sources */ = {isa = PBXBuildFile; fileRef = 246187A1245AFA78005D44B1 /* UserDefaults+extension.swift */; };
		246B624F2450122100B50F5E /* taskTableViewCell.swift in Sources */ = {isa = PBXBuildFile; fileRef = 246B624E2450122100B50F5E /* taskTableViewCell.swift */; };
		2471D038244939F4008DE5C2 /* AppDelegate.swift in Sources */ = {isa = PBXBuildFile; fileRef = 2471D037244939F4008DE5C2 /* AppDelegate.swift */; };
		2471D03A244939F4008DE5C2 /* SceneDelegate.swift in Sources */ = {isa = PBXBuildFile; fileRef = 2471D039244939F4008DE5C2 /* SceneDelegate.swift */; };
		2471D03C244939F4008DE5C2 /* ImportantTaskViewController.swift in Sources */ = {isa = PBXBuildFile; fileRef = 2471D03B244939F4008DE5C2 /* ImportantTaskViewController.swift */; };
		2471D03E244939F4008DE5C2 /* TaskViewController.swift in Sources */ = {isa = PBXBuildFile; fileRef = 2471D03D244939F4008DE5C2 /* TaskViewController.swift */; };
		2471D041244939F4008DE5C2 /* Main.storyboard in Resources */ = {isa = PBXBuildFile; fileRef = 2471D03F244939F4008DE5C2 /* Main.storyboard */; };
		2471D043244939F6008DE5C2 /* Assets.xcassets in Resources */ = {isa = PBXBuildFile; fileRef = 2471D042244939F6008DE5C2 /* Assets.xcassets */; };
		2471D046244939F6008DE5C2 /* LaunchScreen.storyboard in Resources */ = {isa = PBXBuildFile; fileRef = 2471D044244939F6008DE5C2 /* LaunchScreen.storyboard */; };
		2471D051244939F7008DE5C2 /* ToDoAppTests.swift in Sources */ = {isa = PBXBuildFile; fileRef = 2471D050244939F7008DE5C2 /* ToDoAppTests.swift */; };
		2471D05C244939F7008DE5C2 /* ToDoAppUITests.swift in Sources */ = {isa = PBXBuildFile; fileRef = 2471D05B244939F7008DE5C2 /* ToDoAppUITests.swift */; };
		2471D06C244940C5008DE5C2 /* MyTabBarController.swift in Sources */ = {isa = PBXBuildFile; fileRef = 2471D06B244940C5008DE5C2 /* MyTabBarController.swift */; };
/* End PBXBuildFile section */

/* Begin PBXContainerItemProxy section */
		2471D04D244939F7008DE5C2 /* PBXContainerItemProxy */ = {
			isa = PBXContainerItemProxy;
			containerPortal = 2471D02C244939F4008DE5C2 /* Project object */;
			proxyType = 1;
			remoteGlobalIDString = 2471D033244939F4008DE5C2;
			remoteInfo = ToDoApp;
		};
		2471D058244939F7008DE5C2 /* PBXContainerItemProxy */ = {
			isa = PBXContainerItemProxy;
			containerPortal = 2471D02C244939F4008DE5C2 /* Project object */;
			proxyType = 1;
			remoteGlobalIDString = 2471D033244939F4008DE5C2;
			remoteInfo = ToDoApp;
		};
/* End PBXContainerItemProxy section */

/* Begin PBXFileReference section */
		24371F53244AF5E700A86E00 /* SettingTableViewController.swift */ = {isa = PBXFileReference; lastKnownFileType = sourcecode.swift; path = SettingTableViewController.swift; sourceTree = "<group>"; };
		2461879F245AFA1A005D44B1 /* Task.swift */ = {isa = PBXFileReference; lastKnownFileType = sourcecode.swift; path = Task.swift; sourceTree = "<group>"; xcLanguageSpecificationIdentifier = xcode.lang.swift; };
		246187A1245AFA78005D44B1 /* UserDefaults+extension.swift */ = {isa = PBXFileReference; lastKnownFileType = sourcecode.swift; path = "UserDefaults+extension.swift"; sourceTree = "<group>"; };
		246B624E2450122100B50F5E /* taskTableViewCell.swift */ = {isa = PBXFileReference; lastKnownFileType = sourcecode.swift; path = taskTableViewCell.swift; sourceTree = "<group>"; };
		2471D034244939F4008DE5C2 /* ToDoApp.app */ = {isa = PBXFileReference; explicitFileType = wrapper.application; includeInIndex = 0; path = ToDoApp.app; sourceTree = BUILT_PRODUCTS_DIR; };
		2471D037244939F4008DE5C2 /* AppDelegate.swift */ = {isa = PBXFileReference; lastKnownFileType = sourcecode.swift; path = AppDelegate.swift; sourceTree = "<group>"; };
		2471D039244939F4008DE5C2 /* SceneDelegate.swift */ = {isa = PBXFileReference; lastKnownFileType = sourcecode.swift; path = SceneDelegate.swift; sourceTree = "<group>"; };
		2471D03B244939F4008DE5C2 /* ImportantTaskViewController.swift */ = {isa = PBXFileReference; lastKnownFileType = sourcecode.swift; path = ImportantTaskViewController.swift; sourceTree = "<group>"; };
		2471D03D244939F4008DE5C2 /* TaskViewController.swift */ = {isa = PBXFileReference; lastKnownFileType = sourcecode.swift; path = TaskViewController.swift; sourceTree = "<group>"; xcLanguageSpecificationIdentifier = xcode.lang.swift; };
		2471D040244939F4008DE5C2 /* Base */ = {isa = PBXFileReference; lastKnownFileType = file.storyboard; name = Base; path = Base.lproj/Main.storyboard; sourceTree = "<group>"; };
		2471D042244939F6008DE5C2 /* Assets.xcassets */ = {isa = PBXFileReference; lastKnownFileType = folder.assetcatalog; path = Assets.xcassets; sourceTree = "<group>"; };
		2471D045244939F6008DE5C2 /* Base */ = {isa = PBXFileReference; lastKnownFileType = file.storyboard; name = Base; path = Base.lproj/LaunchScreen.storyboard; sourceTree = "<group>"; };
		2471D047244939F6008DE5C2 /* Info.plist */ = {isa = PBXFileReference; lastKnownFileType = text.plist.xml; path = Info.plist; sourceTree = "<group>"; };
		2471D04C244939F7008DE5C2 /* ToDoAppTests.xctest */ = {isa = PBXFileReference; explicitFileType = wrapper.cfbundle; includeInIndex = 0; path = ToDoAppTests.xctest; sourceTree = BUILT_PRODUCTS_DIR; };
		2471D050244939F7008DE5C2 /* ToDoAppTests.swift */ = {isa = PBXFileReference; lastKnownFileType = sourcecode.swift; path = ToDoAppTests.swift; sourceTree = "<group>"; };
		2471D052244939F7008DE5C2 /* Info.plist */ = {isa = PBXFileReference; lastKnownFileType = text.plist.xml; path = Info.plist; sourceTree = "<group>"; };
		2471D057244939F7008DE5C2 /* ToDoAppUITests.xctest */ = {isa = PBXFileReference; explicitFileType = wrapper.cfbundle; includeInIndex = 0; path = ToDoAppUITests.xctest; sourceTree = BUILT_PRODUCTS_DIR; };
		2471D05B244939F7008DE5C2 /* ToDoAppUITests.swift */ = {isa = PBXFileReference; lastKnownFileType = sourcecode.swift; path = ToDoAppUITests.swift; sourceTree = "<group>"; };
		2471D05D244939F7008DE5C2 /* Info.plist */ = {isa = PBXFileReference; lastKnownFileType = text.plist.xml; path = Info.plist; sourceTree = "<group>"; };
		2471D06B244940C5008DE5C2 /* MyTabBarController.swift */ = {isa = PBXFileReference; lastKnownFileType = sourcecode.swift; path = MyTabBarController.swift; sourceTree = "<group>"; };
/* End PBXFileReference section */

/* Begin PBXFrameworksBuildPhase section */
		2471D031244939F4008DE5C2 /* Frameworks */ = {
			isa = PBXFrameworksBuildPhase;
			buildActionMask = 2147483647;
			files = (
			);
			runOnlyForDeploymentPostprocessing = 0;
		};
		2471D049244939F7008DE5C2 /* Frameworks */ = {
			isa = PBXFrameworksBuildPhase;
			buildActionMask = 2147483647;
			files = (
			);
			runOnlyForDeploymentPostprocessing = 0;
		};
		2471D054244939F7008DE5C2 /* Frameworks */ = {
			isa = PBXFrameworksBuildPhase;
			buildActionMask = 2147483647;
			files = (
			);
			runOnlyForDeploymentPostprocessing = 0;
		};
/* End PBXFrameworksBuildPhase section */

/* Begin PBXGroup section */
		2471D02B244939F4008DE5C2 = {
			isa = PBXGroup;
			children = (
				2471D036244939F4008DE5C2 /* ToDoApp */,
				2471D04F244939F7008DE5C2 /* ToDoAppTests */,
				2471D05A244939F7008DE5C2 /* ToDoAppUITests */,
				2471D035244939F4008DE5C2 /* Products */,
			);
			sourceTree = "<group>";
		};
		2471D035244939F4008DE5C2 /* Products */ = {
			isa = PBXGroup;
			children = (
				2471D034244939F4008DE5C2 /* ToDoApp.app */,
				2471D04C244939F7008DE5C2 /* ToDoAppTests.xctest */,
				2471D057244939F7008DE5C2 /* ToDoAppUITests.xctest */,
			);
			name = Products;
			sourceTree = "<group>";
		};
		2471D036244939F4008DE5C2 /* ToDoApp */ = {
			isa = PBXGroup;
			children = (
				2471D037244939F4008DE5C2 /* AppDelegate.swift */,
				2471D039244939F4008DE5C2 /* SceneDelegate.swift */,
				2471D06B244940C5008DE5C2 /* MyTabBarController.swift */,
				2471D03B244939F4008DE5C2 /* ImportantTaskViewController.swift */,
				2471D03D244939F4008DE5C2 /* TaskViewController.swift */,
				246B624E2450122100B50F5E /* taskTableViewCell.swift */,
				24371F53244AF5E700A86E00 /* SettingTableViewController.swift */,
				2471D03F244939F4008DE5C2 /* Main.storyboard */,
				2461879F245AFA1A005D44B1 /* Task.swift */,
				246187A1245AFA78005D44B1 /* UserDefaults+extension.swift */,
				2471D042244939F6008DE5C2 /* Assets.xcassets */,
				2471D044244939F6008DE5C2 /* LaunchScreen.storyboard */,
				2471D047244939F6008DE5C2 /* Info.plist */,
			);
			path = ToDoApp;
			sourceTree = "<group>";
		};
		2471D04F244939F7008DE5C2 /* ToDoAppTests */ = {
			isa = PBXGroup;
			children = (
				2471D050244939F7008DE5C2 /* ToDoAppTests.swift */,
				2471D052244939F7008DE5C2 /* Info.plist */,
			);
			path = ToDoAppTests;
			sourceTree = "<group>";
		};
		2471D05A244939F7008DE5C2 /* ToDoAppUITests */ = {
			isa = PBXGroup;
			children = (
				2471D05B244939F7008DE5C2 /* ToDoAppUITests.swift */,
				2471D05D244939F7008DE5C2 /* Info.plist */,
			);
			path = ToDoAppUITests;
			sourceTree = "<group>";
		};
/* End PBXGroup section */

/* Begin PBXNativeTarget section */
		2471D033244939F4008DE5C2 /* ToDoApp */ = {
			isa = PBXNativeTarget;
			buildConfigurationList = 2471D060244939F7008DE5C2 /* Build configuration list for PBXNativeTarget "ToDoApp" */;
			buildPhases = (
				2471D030244939F4008DE5C2 /* Sources */,
				2471D031244939F4008DE5C2 /* Frameworks */,
				2471D032244939F4008DE5C2 /* Resources */,
			);
			buildRules = (
			);
			dependencies = (
			);
			name = ToDoApp;
			productName = ToDoApp;
			productReference = 2471D034244939F4008DE5C2 /* ToDoApp.app */;
			productType = "com.apple.product-type.application";
		};
		2471D04B244939F7008DE5C2 /* ToDoAppTests */ = {
			isa = PBXNativeTarget;
			buildConfigurationList = 2471D063244939F7008DE5C2 /* Build configuration list for PBXNativeTarget "ToDoAppTests" */;
			buildPhases = (
				2471D048244939F7008DE5C2 /* Sources */,
				2471D049244939F7008DE5C2 /* Frameworks */,
				2471D04A244939F7008DE5C2 /* Resources */,
			);
			buildRules = (
			);
			dependencies = (
				2471D04E244939F7008DE5C2 /* PBXTargetDependency */,
			);
			name = ToDoAppTests;
			productName = ToDoAppTests;
			productReference = 2471D04C244939F7008DE5C2 /* ToDoAppTests.xctest */;
			productType = "com.apple.product-type.bundle.unit-test";
		};
		2471D056244939F7008DE5C2 /* ToDoAppUITests */ = {
			isa = PBXNativeTarget;
			buildConfigurationList = 2471D066244939F7008DE5C2 /* Build configuration list for PBXNativeTarget "ToDoAppUITests" */;
			buildPhases = (
				2471D053244939F7008DE5C2 /* Sources */,
				2471D054244939F7008DE5C2 /* Frameworks */,
				2471D055244939F7008DE5C2 /* Resources */,
			);
			buildRules = (
			);
			dependencies = (
				2471D059244939F7008DE5C2 /* PBXTargetDependency */,
			);
			name = ToDoAppUITests;
			productName = ToDoAppUITests;
			productReference = 2471D057244939F7008DE5C2 /* ToDoAppUITests.xctest */;
			productType = "com.apple.product-type.bundle.ui-testing";
		};
/* End PBXNativeTarget section */

/* Begin PBXProject section */
		2471D02C244939F4008DE5C2 /* Project object */ = {
			isa = PBXProject;
			attributes = {
				LastSwiftUpdateCheck = 1140;
				LastUpgradeCheck = 1140;
				ORGANIZATIONNAME = "廣瀬舜一";
				TargetAttributes = {
					2471D033244939F4008DE5C2 = {
						CreatedOnToolsVersion = 11.4.1;
					};
					2471D04B244939F7008DE5C2 = {
						CreatedOnToolsVersion = 11.4.1;
						TestTargetID = 2471D033244939F4008DE5C2;
					};
					2471D056244939F7008DE5C2 = {
						CreatedOnToolsVersion = 11.4.1;
						TestTargetID = 2471D033244939F4008DE5C2;
					};
				};
			};
			buildConfigurationList = 2471D02F244939F4008DE5C2 /* Build configuration list for PBXProject "ToDoApp" */;
			compatibilityVersion = "Xcode 9.3";
			developmentRegion = en;
			hasScannedForEncodings = 0;
			knownRegions = (
				en,
				Base,
			);
			mainGroup = 2471D02B244939F4008DE5C2;
			productRefGroup = 2471D035244939F4008DE5C2 /* Products */;
			projectDirPath = "";
			projectRoot = "";
			targets = (
				2471D033244939F4008DE5C2 /* ToDoApp */,
				2471D04B244939F7008DE5C2 /* ToDoAppTests */,
				2471D056244939F7008DE5C2 /* ToDoAppUITests */,
			);
		};
/* End PBXProject section */

/* Begin PBXResourcesBuildPhase section */
		2471D032244939F4008DE5C2 /* Resources */ = {
			isa = PBXResourcesBuildPhase;
			buildActionMask = 2147483647;
			files = (
				2471D046244939F6008DE5C2 /* LaunchScreen.storyboard in Resources */,
				2471D043244939F6008DE5C2 /* Assets.xcassets in Resources */,
				2471D041244939F4008DE5C2 /* Main.storyboard in Resources */,
			);
			runOnlyForDeploymentPostprocessing = 0;
		};
		2471D04A244939F7008DE5C2 /* Resources */ = {
			isa = PBXResourcesBuildPhase;
			buildActionMask = 2147483647;
			files = (
			);
			runOnlyForDeploymentPostprocessing = 0;
		};
		2471D055244939F7008DE5C2 /* Resources */ = {
			isa = PBXResourcesBuildPhase;
			buildActionMask = 2147483647;
			files = (
			);
			runOnlyForDeploymentPostprocessing = 0;
		};
/* End PBXResourcesBuildPhase section */

/* Begin PBXSourcesBuildPhase section */
		2471D030244939F4008DE5C2 /* Sources */ = {
			isa = PBXSourcesBuildPhase;
			buildActionMask = 2147483647;
			files = (
				246B624F2450122100B50F5E /* taskTableViewCell.swift in Sources */,
				2471D03E244939F4008DE5C2 /* TaskViewController.swift in Sources */,
				2471D03C244939F4008DE5C2 /* ImportantTaskViewController.swift in Sources */,
				2471D038244939F4008DE5C2 /* AppDelegate.swift in Sources */,
				246187A2245AFA78005D44B1 /* UserDefaults+extension.swift in Sources */,
				2471D03A244939F4008DE5C2 /* SceneDelegate.swift in Sources */,
				2471D06C244940C5008DE5C2 /* MyTabBarController.swift in Sources */,
				246187A0245AFA1A005D44B1 /* Task.swift in Sources */,
				24371F54244AF5E700A86E00 /* SettingTableViewController.swift in Sources */,
			);
			runOnlyForDeploymentPostprocessing = 0;
		};
		2471D048244939F7008DE5C2 /* Sources */ = {
			isa = PBXSourcesBuildPhase;
			buildActionMask = 2147483647;
			files = (
				2471D051244939F7008DE5C2 /* ToDoAppTests.swift in Sources */,
			);
			runOnlyForDeploymentPostprocessing = 0;
		};
		2471D053244939F7008DE5C2 /* Sources */ = {
			isa = PBXSourcesBuildPhase;
			buildActionMask = 2147483647;
			files = (
				2471D05C244939F7008DE5C2 /* ToDoAppUITests.swift in Sources */,
			);
			runOnlyForDeploymentPostprocessing = 0;
		};
/* End PBXSourcesBuildPhase section */

/* Begin PBXTargetDependency section */
		2471D04E244939F7008DE5C2 /* PBXTargetDependency */ = {
			isa = PBXTargetDependency;
			target = 2471D033244939F4008DE5C2 /* ToDoApp */;
			targetProxy = 2471D04D244939F7008DE5C2 /* PBXContainerItemProxy */;
		};
		2471D059244939F7008DE5C2 /* PBXTargetDependency */ = {
			isa = PBXTargetDependency;
			target = 2471D033244939F4008DE5C2 /* ToDoApp */;
			targetProxy = 2471D058244939F7008DE5C2 /* PBXContainerItemProxy */;
		};
/* End PBXTargetDependency section */

/* Begin PBXVariantGroup section */
		2471D03F244939F4008DE5C2 /* Main.storyboard */ = {
			isa = PBXVariantGroup;
			children = (
				2471D040244939F4008DE5C2 /* Base */,
			);
			name = Main.storyboard;
			sourceTree = "<group>";
		};
		2471D044244939F6008DE5C2 /* LaunchScreen.storyboard */ = {
			isa = PBXVariantGroup;
			children = (
				2471D045244939F6008DE5C2 /* Base */,
			);
			name = LaunchScreen.storyboard;
			sourceTree = "<group>";
		};
/* End PBXVariantGroup section */

/* Begin XCBuildConfiguration section */
		2471D05E244939F7008DE5C2 /* Debug */ = {
			isa = XCBuildConfiguration;
			buildSettings = {
				ALWAYS_SEARCH_USER_PATHS = NO;
				CLANG_ANALYZER_NONNULL = YES;
				CLANG_ANALYZER_NUMBER_OBJECT_CONVERSION = YES_AGGRESSIVE;
				CLANG_CXX_LANGUAGE_STANDARD = "gnu++14";
				CLANG_CXX_LIBRARY = "libc++";
				CLANG_ENABLE_MODULES = YES;
				CLANG_ENABLE_OBJC_ARC = YES;
				CLANG_ENABLE_OBJC_WEAK = YES;
				CLANG_WARN_BLOCK_CAPTURE_AUTORELEASING = YES;
				CLANG_WARN_BOOL_CONVERSION = YES;
				CLANG_WARN_COMMA = YES;
				CLANG_WARN_CONSTANT_CONVERSION = YES;
				CLANG_WARN_DEPRECATED_OBJC_IMPLEMENTATIONS = YES;
				CLANG_WARN_DIRECT_OBJC_ISA_USAGE = YES_ERROR;
				CLANG_WARN_DOCUMENTATION_COMMENTS = YES;
				CLANG_WARN_EMPTY_BODY = YES;
				CLANG_WARN_ENUM_CONVERSION = YES;
				CLANG_WARN_INFINITE_RECURSION = YES;
				CLANG_WARN_INT_CONVERSION = YES;
				CLANG_WARN_NON_LITERAL_NULL_CONVERSION = YES;
				CLANG_WARN_OBJC_IMPLICIT_RETAIN_SELF = YES;
				CLANG_WARN_OBJC_LITERAL_CONVERSION = YES;
				CLANG_WARN_OBJC_ROOT_CLASS = YES_ERROR;
				CLANG_WARN_RANGE_LOOP_ANALYSIS = YES;
				CLANG_WARN_STRICT_PROTOTYPES = YES;
				CLANG_WARN_SUSPICIOUS_MOVE = YES;
				CLANG_WARN_UNGUARDED_AVAILABILITY = YES_AGGRESSIVE;
				CLANG_WARN_UNREACHABLE_CODE = YES;
				CLANG_WARN__DUPLICATE_METHOD_MATCH = YES;
				COPY_PHASE_STRIP = NO;
				DEBUG_INFORMATION_FORMAT = dwarf;
				ENABLE_STRICT_OBJC_MSGSEND = YES;
				ENABLE_TESTABILITY = YES;
				GCC_C_LANGUAGE_STANDARD = gnu11;
				GCC_DYNAMIC_NO_PIC = NO;
				GCC_NO_COMMON_BLOCKS = YES;
				GCC_OPTIMIZATION_LEVEL = 0;
				GCC_PREPROCESSOR_DEFINITIONS = (
					"DEBUG=1",
					"$(inherited)",
				);
				GCC_WARN_64_TO_32_BIT_CONVERSION = YES;
				GCC_WARN_ABOUT_RETURN_TYPE = YES_ERROR;
				GCC_WARN_UNDECLARED_SELECTOR = YES;
				GCC_WARN_UNINITIALIZED_AUTOS = YES_AGGRESSIVE;
				GCC_WARN_UNUSED_FUNCTION = YES;
				GCC_WARN_UNUSED_VARIABLE = YES;
				IPHONEOS_DEPLOYMENT_TARGET = 13.4;
				MTL_ENABLE_DEBUG_INFO = INCLUDE_SOURCE;
				MTL_FAST_MATH = YES;
				ONLY_ACTIVE_ARCH = YES;
				SDKROOT = iphoneos;
				SWIFT_ACTIVE_COMPILATION_CONDITIONS = DEBUG;
				SWIFT_OPTIMIZATION_LEVEL = "-Onone";
			};
			name = Debug;
		};
		2471D05F244939F7008DE5C2 /* Release */ = {
			isa = XCBuildConfiguration;
			buildSettings = {
				ALWAYS_SEARCH_USER_PATHS = NO;
				CLANG_ANALYZER_NONNULL = YES;
				CLANG_ANALYZER_NUMBER_OBJECT_CONVERSION = YES_AGGRESSIVE;
				CLANG_CXX_LANGUAGE_STANDARD = "gnu++14";
				CLANG_CXX_LIBRARY = "libc++";
				CLANG_ENABLE_MODULES = YES;
				CLANG_ENABLE_OBJC_ARC = YES;
				CLANG_ENABLE_OBJC_WEAK = YES;
				CLANG_WARN_BLOCK_CAPTURE_AUTORELEASING = YES;
				CLANG_WARN_BOOL_CONVERSION = YES;
				CLANG_WARN_COMMA = YES;
				CLANG_WARN_CONSTANT_CONVERSION = YES;
				CLANG_WARN_DEPRECATED_OBJC_IMPLEMENTATIONS = YES;
				CLANG_WARN_DIRECT_OBJC_ISA_USAGE = YES_ERROR;
				CLANG_WARN_DOCUMENTATION_COMMENTS = YES;
				CLANG_WARN_EMPTY_BODY = YES;
				CLANG_WARN_ENUM_CONVERSION = YES;
				CLANG_WARN_INFINITE_RECURSION = YES;
				CLANG_WARN_INT_CONVERSION = YES;
				CLANG_WARN_NON_LITERAL_NULL_CONVERSION = YES;
				CLANG_WARN_OBJC_IMPLICIT_RETAIN_SELF = YES;
				CLANG_WARN_OBJC_LITERAL_CONVERSION = YES;
				CLANG_WARN_OBJC_ROOT_CLASS = YES_ERROR;
				CLANG_WARN_RANGE_LOOP_ANALYSIS = YES;
				CLANG_WARN_STRICT_PROTOTYPES = YES;
				CLANG_WARN_SUSPICIOUS_MOVE = YES;
				CLANG_WARN_UNGUARDED_AVAILABILITY = YES_AGGRESSIVE;
				CLANG_WARN_UNREACHABLE_CODE = YES;
				CLANG_WARN__DUPLICATE_METHOD_MATCH = YES;
				COPY_PHASE_STRIP = NO;
				DEBUG_INFORMATION_FORMAT = "dwarf-with-dsym";
				ENABLE_NS_ASSERTIONS = NO;
				ENABLE_STRICT_OBJC_MSGSEND = YES;
				GCC_C_LANGUAGE_STANDARD = gnu11;
				GCC_NO_COMMON_BLOCKS = YES;
				GCC_WARN_64_TO_32_BIT_CONVERSION = YES;
				GCC_WARN_ABOUT_RETURN_TYPE = YES_ERROR;
				GCC_WARN_UNDECLARED_SELECTOR = YES;
				GCC_WARN_UNINITIALIZED_AUTOS = YES_AGGRESSIVE;
				GCC_WARN_UNUSED_FUNCTION = YES;
				GCC_WARN_UNUSED_VARIABLE = YES;
				IPHONEOS_DEPLOYMENT_TARGET = 13.4;
				MTL_ENABLE_DEBUG_INFO = NO;
				MTL_FAST_MATH = YES;
				SDKROOT = iphoneos;
				SWIFT_COMPILATION_MODE = wholemodule;
				SWIFT_OPTIMIZATION_LEVEL = "-O";
				VALIDATE_PRODUCT = YES;
			};
			name = Release;
		};
		2471D061244939F7008DE5C2 /* Debug */ = {
			isa = XCBuildConfiguration;
			buildSettings = {
				ASSETCATALOG_COMPILER_APPICON_NAME = AppIcon;
				CODE_SIGN_STYLE = Automatic;
				DEVELOPMENT_TEAM = PGNKC6KX46;
				INFOPLIST_FILE = ToDoApp/Info.plist;
				LD_RUNPATH_SEARCH_PATHS = (
					"$(inherited)",
					"@executable_path/Frameworks",
				);
				PRODUCT_BUNDLE_IDENTIFIER = equation.ToDoApp;
				PRODUCT_NAME = "$(TARGET_NAME)";
				SWIFT_VERSION = 5.0;
				TARGETED_DEVICE_FAMILY = "1,2";
			};
			name = Debug;
		};
		2471D062244939F7008DE5C2 /* Release */ = {
			isa = XCBuildConfiguration;
			buildSettings = {
				ASSETCATALOG_COMPILER_APPICON_NAME = AppIcon;
				CODE_SIGN_STYLE = Automatic;
				DEVELOPMENT_TEAM = PGNKC6KX46;
				INFOPLIST_FILE = ToDoApp/Info.plist;
				LD_RUNPATH_SEARCH_PATHS = (
					"$(inherited)",
					"@executable_path/Frameworks",
				);
				PRODUCT_BUNDLE_IDENTIFIER = equation.ToDoApp;
				PRODUCT_NAME = "$(TARGET_NAME)";
				SWIFT_VERSION = 5.0;
				TARGETED_DEVICE_FAMILY = "1,2";
			};
			name = Release;
		};
		2471D064244939F7008DE5C2 /* Debug */ = {
			isa = XCBuildConfiguration;
			buildSettings = {
				ALWAYS_EMBED_SWIFT_STANDARD_LIBRARIES = YES;
				BUNDLE_LOADER = "$(TEST_HOST)";
				CODE_SIGN_STYLE = Automatic;
				DEVELOPMENT_TEAM = Q3VC9TH23H;
				INFOPLIST_FILE = ToDoAppTests/Info.plist;
				IPHONEOS_DEPLOYMENT_TARGET = 13.4;
				LD_RUNPATH_SEARCH_PATHS = (
					"$(inherited)",
					"@executable_path/Frameworks",
					"@loader_path/Frameworks",
				);
				PRODUCT_BUNDLE_IDENTIFIER = equation.ToDoAppTests;
				PRODUCT_NAME = "$(TARGET_NAME)";
				SWIFT_VERSION = 5.0;
				TARGETED_DEVICE_FAMILY = "1,2";
				TEST_HOST = "$(BUILT_PRODUCTS_DIR)/ToDoApp.app/ToDoApp";
			};
			name = Debug;
		};
		2471D065244939F7008DE5C2 /* Release */ = {
			isa = XCBuildConfiguration;
			buildSettings = {
				ALWAYS_EMBED_SWIFT_STANDARD_LIBRARIES = YES;
				BUNDLE_LOADER = "$(TEST_HOST)";
				CODE_SIGN_STYLE = Automatic;
				DEVELOPMENT_TEAM = Q3VC9TH23H;
				INFOPLIST_FILE = ToDoAppTests/Info.plist;
				IPHONEOS_DEPLOYMENT_TARGET = 13.4;
				LD_RUNPATH_SEARCH_PATHS = (
					"$(inherited)",
					"@executable_path/Frameworks",
					"@loader_path/Frameworks",
				);
				PRODUCT_BUNDLE_IDENTIFIER = equation.ToDoAppTests;
				PRODUCT_NAME = "$(TARGET_NAME)";
				SWIFT_VERSION = 5.0;
				TARGETED_DEVICE_FAMILY = "1,2";
				TEST_HOST = "$(BUILT_PRODUCTS_DIR)/ToDoApp.app/ToDoApp";
			};
			name = Release;
		};
		2471D067244939F7008DE5C2 /* Debug */ = {
			isa = XCBuildConfiguration;
			buildSettings = {
				ALWAYS_EMBED_SWIFT_STANDARD_LIBRARIES = YES;
				CODE_SIGN_STYLE = Automatic;
				DEVELOPMENT_TEAM = Q3VC9TH23H;
				INFOPLIST_FILE = ToDoAppUITests/Info.plist;
				LD_RUNPATH_SEARCH_PATHS = (
					"$(inherited)",
					"@executable_path/Frameworks",
					"@loader_path/Frameworks",
				);
				PRODUCT_BUNDLE_IDENTIFIER = equation.ToDoAppUITests;
				PRODUCT_NAME = "$(TARGET_NAME)";
				SWIFT_VERSION = 5.0;
				TARGETED_DEVICE_FAMILY = "1,2";
				TEST_TARGET_NAME = ToDoApp;
			};
			name = Debug;
		};
		2471D068244939F7008DE5C2 /* Release */ = {
			isa = XCBuildConfiguration;
			buildSettings = {
				ALWAYS_EMBED_SWIFT_STANDARD_LIBRARIES = YES;
				CODE_SIGN_STYLE = Automatic;
				DEVELOPMENT_TEAM = Q3VC9TH23H;
				INFOPLIST_FILE = ToDoAppUITests/Info.plist;
				LD_RUNPATH_SEARCH_PATHS = (
					"$(inherited)",
					"@executable_path/Frameworks",
					"@loader_path/Frameworks",
				);
				PRODUCT_BUNDLE_IDENTIFIER = equation.ToDoAppUITests;
				PRODUCT_NAME = "$(TARGET_NAME)";
				SWIFT_VERSION = 5.0;
				TARGETED_DEVICE_FAMILY = "1,2";
				TEST_TARGET_NAME = ToDoApp;
			};
			name = Release;
		};
/* End XCBuildConfiguration section */

/* Begin XCConfigurationList section */
		2471D02F244939F4008DE5C2 /* Build configuration list for PBXProject "ToDoApp" */ = {
			isa = XCConfigurationList;
			buildConfigurations = (
				2471D05E244939F7008DE5C2 /* Debug */,
				2471D05F244939F7008DE5C2 /* Release */,
			);
			defaultConfigurationIsVisible = 0;
			defaultConfigurationName = Release;
		};
		2471D060244939F7008DE5C2 /* Build configuration list for PBXNativeTarget "ToDoApp" */ = {
			isa = XCConfigurationList;
			buildConfigurations = (
				2471D061244939F7008DE5C2 /* Debug */,
				2471D062244939F7008DE5C2 /* Release */,
			);
			defaultConfigurationIsVisible = 0;
			defaultConfigurationName = Release;
		};
		2471D063244939F7008DE5C2 /* Build configuration list for PBXNativeTarget "ToDoAppTests" */ = {
			isa = XCConfigurationList;
			buildConfigurations = (
				2471D064244939F7008DE5C2 /* Debug */,
				2471D065244939F7008DE5C2 /* Release */,
			);
			defaultConfigurationIsVisible = 0;
			defaultConfigurationName = Release;
		};
		2471D066244939F7008DE5C2 /* Build configuration list for PBXNativeTarget "ToDoAppUITests" */ = {
			isa = XCConfigurationList;
			buildConfigurations = (
				2471D067244939F7008DE5C2 /* Debug */,
				2471D068244939F7008DE5C2 /* Release */,
			);
			defaultConfigurationIsVisible = 0;
			defaultConfigurationName = Release;
		};
/* End XCConfigurationList section */
	};
	rootObject = 2471D02C244939F4008DE5C2 /* Project object */;
}
